
Microsoft Visual Studio Solution File, Format Version 12.00
# Visual Studio Version 17
VisualStudioVersion = 17.0.31903.59
MinimumVisualStudioVersion = 10.0.40219.1
Project("{FAE04EC0-301F-11D3-BF4B-00C04F79EFBC}") = "Rockaway.WebApp", "Rockaway.WebApp\Rockaway.WebApp.csproj", "{B1BC0E6D-1541-4A29-A927-46BD81B25A1D}"
EndProject
Project("{FAE04EC0-301F-11D3-BF4B-00C04F79EFBC}") = "Rockaway.WebApp.Tests", "Rockaway.WebApp.Tests\Rockaway.WebApp.Tests.csproj", "{7287AB74-9183-44EF-9183-AB86374A11F6}"
EndProject
Global
	GlobalSection(SolutionConfigurationPlatforms) = preSolution
		Debug|Any CPU = Debug|Any CPU
		Release|Any CPU = Release|Any CPU
	EndGlobalSection
	GlobalSection(SolutionProperties) = preSolution
		HideSolutionNode = FALSE
	EndGlobalSection
	GlobalSection(ProjectConfigurationPlatforms) = postSolution
		{B1BC0E6D-1541-4A29-A927-46BD81B25A1D}.Debug|Any CPU.ActiveCfg = Debug|Any CPU
		{B1BC0E6D-1541-4A29-A927-46BD81B25A1D}.Debug|Any CPU.Build.0 = Debug|Any CPU
		{B1BC0E6D-1541-4A29-A927-46BD81B25A1D}.Release|Any CPU.ActiveCfg = Release|Any CPU
		{B1BC0E6D-1541-4A29-A927-46BD81B25A1D}.Release|Any CPU.Build.0 = Release|Any CPU
		{7287AB74-9183-44EF-9183-AB86374A11F6}.Debug|Any CPU.ActiveCfg = Debug|Any CPU
		{7287AB74-9183-44EF-9183-AB86374A11F6}.Debug|Any CPU.Build.0 = Debug|Any CPU
		{7287AB74-9183-44EF-9183-AB86374A11F6}.Release|Any CPU.ActiveCfg = Release|Any CPU
		{7287AB74-9183-44EF-9183-AB86374A11F6}.Release|Any CPU.Build.0 = Release|Any CPU
	EndGlobalSection
EndGlobal
